
Microsoft Visual Studio Solution File, Format Version 12.00
# Visual Studio Version 17
VisualStudioVersion = 17.10.35027.167
MinimumVisualStudioVersion = 10.0.40219.1
Project("{FAE04EC0-301F-11D3-BF4B-00C04F79EFBC}") = "ecoute", "ecoute.csproj", "{CE10781A-DA05-4D0D-93C4-8B1573CE5330}"
EndProject
Global
	GlobalSection(SolutionConfigurationPlatforms) = preSolution
		Debug|Any CPU = Debug|Any CPU
		Release|Any CPU = Release|Any CPU
	EndGlobalSection
	GlobalSection(ProjectConfigurationPlatforms) = postSolution
		{CE10781A-DA05-4D0D-93C4-8B1573CE5330}.Debug|Any CPU.ActiveCfg = Debug|Any CPU
		{CE10781A-DA05-4D0D-93C4-8B1573CE5330}.Debug|Any CPU.Build.0 = Debug|Any CPU
		{CE10781A-DA05-4D0D-93C4-8B1573CE5330}.Release|Any CPU.ActiveCfg = Release|Any CPU
		{CE10781A-DA05-4D0D-93C4-8B1573CE5330}.Release|Any CPU.Build.0 = Release|Any CPU
	EndGlobalSection
	GlobalSection(SolutionProperties) = preSolution
		HideSolutionNode = FALSE
	EndGlobalSection
	GlobalSection(ExtensibilityGlobals) = postSolution
		SolutionGuid = {D8FC01B7-0DE1-4D69-9B6C-5C44B2C54A5C}
	EndGlobalSection
EndGlobal
